{
  "name": "moxley-db",
  "version": "2.0.4",
  "lockfileVersion": 2,
  "requires": true,
  "packages": {
    "": {
      "name": "moxley-db",
      "version": "2.0.4",
      "license": "ISC",
      "dependencies": {
        "flatted": "^3.0.2"
      }
    },
    "node_modules/flatted": {
      "version": "3.0.2",
      "resolved": "https://registry.npmjs.org/flatted/-/flatted-3.0.2.tgz",
      "integrity": "sha512-CsGzkXnjwEGEetj4HLWbjePVyal4AzgfjrP3FaLqPg30uZ8LyNKrTU4gciZc9g0xWArqbmObTjSLQ1QOF6u2Wg=="
    }
  },
  "dependencies": {
    "flatted": {
      "version": "3.0.2",
      "resolved": "https://registry.npmjs.org/flatted/-/flatted-3.0.2.tgz",
      "integrity": "sha512-CsGzkXnjwEGEetj4HLWbjePVyal4AzgfjrP3FaLqPg30uZ8LyNKrTU4gciZc9g0xWArqbmObTjSLQ1QOF6u2Wg=="
    }
  }
}
